// !$*UTF8*$!
{
	archiveVersion = 1;
	classes = {
	};
	objectVersion = 50;
	objects = {

/* Begin PBXBuildFile section */
		2F0F527121EA4DE20096FA3A /* AppDelegate.swift in Sources */ = {isa = PBXBuildFile; fileRef = 2F0F527021EA4DE20096FA3A /* AppDelegate.swift */; };
		2F0F527321EA4DE20096FA3A /* SetVC.swift in Sources */ = {isa = PBXBuildFile; fileRef = 2F0F527221EA4DE20096FA3A /* SetVC.swift */; };
		2F0F527621EA4DE20096FA3A /* Main.storyboard in Resources */ = {isa = PBXBuildFile; fileRef = 2F0F527421EA4DE20096FA3A /* Main.storyboard */; };
		2F0F527821EA4DE50096FA3A /* Assets.xcassets in Resources */ = {isa = PBXBuildFile; fileRef = 2F0F527721EA4DE50096FA3A /* Assets.xcassets */; };
		2F0F527B21EA4DE50096FA3A /* LaunchScreen.storyboard in Resources */ = {isa = PBXBuildFile; fileRef = 2F0F527921EA4DE50096FA3A /* LaunchScreen.storyboard */; };
		2F0F528321EA50500096FA3A /* Card.swift in Sources */ = {isa = PBXBuildFile; fileRef = 2F0F528221EA50500096FA3A /* Card.swift */; };
		2F0F528521EA5F460096FA3A /* GameEngine.swift in Sources */ = {isa = PBXBuildFile; fileRef = 2F0F528421EA5F460096FA3A /* GameEngine.swift */; };
		2F2CE7D8220A10E100EC3006 /* Extensions.swift in Sources */ = {isa = PBXBuildFile; fileRef = 2F2CE7D7220A10E100EC3006 /* Extensions.swift */; };
/* End PBXBuildFile section */

/* Begin PBXFileReference section */
		2F0F526D21EA4DE20096FA3A /* Set.app */ = {isa = PBXFileReference; explicitFileType = wrapper.application; includeInIndex = 0; path = Set.app; sourceTree = BUILT_PRODUCTS_DIR; };
		2F0F527021EA4DE20096FA3A /* AppDelegate.swift */ = {isa = PBXFileReference; lastKnownFileType = sourcecode.swift; path = AppDelegate.swift; sourceTree = "<group>"; };
		2F0F527221EA4DE20096FA3A /* SetVC.swift */ = {isa = PBXFileReference; lastKnownFileType = sourcecode.swift; path = SetVC.swift; sourceTree = "<group>"; };
		2F0F527521EA4DE20096FA3A /* Base */ = {isa = PBXFileReference; lastKnownFileType = file.storyboard; name = Base; path = Base.lproj/Main.storyboard; sourceTree = "<group>"; };
		2F0F527721EA4DE50096FA3A /* Assets.xcassets */ = {isa = PBXFileReference; lastKnownFileType = folder.assetcatalog; path = Assets.xcassets; sourceTree = "<group>"; };
		2F0F527A21EA4DE50096FA3A /* Base */ = {isa = PBXFileReference; lastKnownFileType = file.storyboard; name = Base; path = Base.lproj/LaunchScreen.storyboard; sourceTree = "<group>"; };
		2F0F527C21EA4DE50096FA3A /* Info.plist */ = {isa = PBXFileReference; lastKnownFileType = text.plist.xml; path = Info.plist; sourceTree = "<group>"; };
		2F0F528221EA50500096FA3A /* Card.swift */ = {isa = PBXFileReference; lastKnownFileType = sourcecode.swift; path = Card.swift; sourceTree = "<group>"; };
		2F0F528421EA5F460096FA3A /* GameEngine.swift */ = {isa = PBXFileReference; lastKnownFileType = sourcecode.swift; path = GameEngine.swift; sourceTree = "<group>"; };
		2F2CE7D7220A10E100EC3006 /* Extensions.swift */ = {isa = PBXFileReference; lastKnownFileType = sourcecode.swift; path = Extensions.swift; sourceTree = "<group>"; };
/* End PBXFileReference section */

/* Begin PBXFrameworksBuildPhase section */
		2F0F526A21EA4DE20096FA3A /* Frameworks */ = {
			isa = PBXFrameworksBuildPhase;
			buildActionMask = 2147483647;
			files = (
			);
			runOnlyForDeploymentPostprocessing = 0;
		};
/* End PBXFrameworksBuildPhase section */

/* Begin PBXGroup section */
		2F0F526421EA4DE20096FA3A = {
			isa = PBXGroup;
			children = (
				2F0F526F21EA4DE20096FA3A /* Set */,
				2F0F526E21EA4DE20096FA3A /* Products */,
			);
			sourceTree = "<group>";
		};
		2F0F526E21EA4DE20096FA3A /* Products */ = {
			isa = PBXGroup;
			children = (
				2F0F526D21EA4DE20096FA3A /* Set.app */,
			);
			name = Products;
			sourceTree = "<group>";
		};
		2F0F526F21EA4DE20096FA3A /* Set */ = {
			isa = PBXGroup;
			children = (
				2F0F527021EA4DE20096FA3A /* AppDelegate.swift */,
				2F0F528621EA6AD40096FA3A /* Model */,
				2F0F528821EA6AE80096FA3A /* View */,
				2F0F528721EA6ADC0096FA3A /* Controller */,
				2F0F527721EA4DE50096FA3A /* Assets.xcassets */,
				2F0F527921EA4DE50096FA3A /* LaunchScreen.storyboard */,
				2F0F527C21EA4DE50096FA3A /* Info.plist */,
			);
			path = Set;
			sourceTree = "<group>";
		};
		2F0F528621EA6AD40096FA3A /* Model */ = {
			isa = PBXGroup;
			children = (
				2F0F528221EA50500096FA3A /* Card.swift */,
				2F0F528421EA5F460096FA3A /* GameEngine.swift */,
			);
			path = Model;
			sourceTree = "<group>";
		};
		2F0F528721EA6ADC0096FA3A /* Controller */ = {
			isa = PBXGroup;
			children = (
				2F0F527221EA4DE20096FA3A /* SetVC.swift */,
				2F2CE7D7220A10E100EC3006 /* Extensions.swift */,
			);
			path = Controller;
			sourceTree = "<group>";
		};
		2F0F528821EA6AE80096FA3A /* View */ = {
			isa = PBXGroup;
			children = (
				2F0F527421EA4DE20096FA3A /* Main.storyboard */,
			);
			path = View;
			sourceTree = "<group>";
		};
/* End PBXGroup section */

/* Begin PBXNativeTarget section */
		2F0F526C21EA4DE20096FA3A /* Set */ = {
			isa = PBXNativeTarget;
			buildConfigurationList = 2F0F527F21EA4DE50096FA3A /* Build configuration list for PBXNativeTarget "Set" */;
			buildPhases = (
				2F0F526921EA4DE20096FA3A /* Sources */,
				2F0F526A21EA4DE20096FA3A /* Frameworks */,
				2F0F526B21EA4DE20096FA3A /* Resources */,
			);
			buildRules = (
			);
			dependencies = (
			);
			name = Set;
			productName = Set;
			productReference = 2F0F526D21EA4DE20096FA3A /* Set.app */;
			productType = "com.apple.product-type.application";
		};
/* End PBXNativeTarget section */

/* Begin PBXProject section */
		2F0F526521EA4DE20096FA3A /* Project object */ = {
			isa = PBXProject;
			attributes = {
				LastSwiftUpdateCheck = 1010;
				LastUpgradeCheck = 1010;
				ORGANIZATIONNAME = Whatever;
				TargetAttributes = {
					2F0F526C21EA4DE20096FA3A = {
						CreatedOnToolsVersion = 10.1;
					};
				};
			};
			buildConfigurationList = 2F0F526821EA4DE20096FA3A /* Build configuration list for PBXProject "Set" */;
			compatibilityVersion = "Xcode 9.3";
			developmentRegion = en;
			hasScannedForEncodings = 0;
			knownRegions = (
				en,
				Base,
			);
			mainGroup = 2F0F526421EA4DE20096FA3A;
			productRefGroup = 2F0F526E21EA4DE20096FA3A /* Products */;
			projectDirPath = "";
			projectRoot = "";
			targets = (
				2F0F526C21EA4DE20096FA3A /* Set */,
			);
		};
/* End PBXProject section */

/* Begin PBXResourcesBuildPhase section */
		2F0F526B21EA4DE20096FA3A /* Resources */ = {
			isa = PBXResourcesBuildPhase;
			buildActionMask = 2147483647;
			files = (
				2F0F527B21EA4DE50096FA3A /* LaunchScreen.storyboard in Resources */,
				2F0F527821EA4DE50096FA3A /* Assets.xcassets in Resources */,
				2F0F527621EA4DE20096FA3A /* Main.storyboard in Resources */,
			);
			runOnlyForDeploymentPostprocessing = 0;
		};
/* End PBXResourcesBuildPhase section */

/* Begin PBXSourcesBuildPhase section */
		2F0F526921EA4DE20096FA3A /* Sources */ = {
			isa = PBXSourcesBuildPhase;
			buildActionMask = 2147483647;
			files = (
				2F2CE7D8220A10E100EC3006 /* Extensions.swift in Sources */,
				2F0F527321EA4DE20096FA3A /* SetVC.swift in Sources */,
				2F0F528321EA50500096FA3A /* Card.swift in Sources */,
				2F0F527121EA4DE20096FA3A /* AppDelegate.swift in Sources */,
				2F0F528521EA5F460096FA3A /* GameEngine.swift in Sources */,
			);
			runOnlyForDeploymentPostprocessing = 0;
		};
/* End PBXSourcesBuildPhase section */

/* Begin PBXVariantGroup section */
		2F0F527421EA4DE20096FA3A /* Main.storyboard */ = {
			isa = PBXVariantGroup;
			children = (
				2F0F527521EA4DE20096FA3A /* Base */,
			);
			name = Main.storyboard;
			sourceTree = "<group>";
		};
		2F0F527921EA4DE50096FA3A /* LaunchScreen.storyboard */ = {
			isa = PBXVariantGroup;
			children = (
				2F0F527A21EA4DE50096FA3A /* Base */,
			);
			name = LaunchScreen.storyboard;
			sourceTree = "<group>";
		};
/* End PBXVariantGroup section */

/* Begin XCBuildConfiguration section */
		2F0F527D21EA4DE50096FA3A /* Debug */ = {
			isa = XCBuildConfiguration;
			buildSettings = {
				ALWAYS_SEARCH_USER_PATHS = NO;
				CLANG_ANALYZER_NONNULL = YES;
				CLANG_ANALYZER_NUMBER_OBJECT_CONVERSION = YES_AGGRESSIVE;
				CLANG_CXX_LANGUAGE_STANDARD = "gnu++14";
				CLANG_CXX_LIBRARY = "libc++";
				CLANG_ENABLE_MODULES = YES;
				CLANG_ENABLE_OBJC_ARC = YES;
				CLANG_ENABLE_OBJC_WEAK = YES;
				CLANG_WARN_BLOCK_CAPTURE_AUTORELEASING = YES;
				CLANG_WARN_BOOL_CONVERSION = YES;
				CLANG_WARN_COMMA = YES;
				CLANG_WARN_CONSTANT_CONVERSION = YES;
				CLANG_WARN_DEPRECATED_OBJC_IMPLEMENTATIONS = YES;
				CLANG_WARN_DIRECT_OBJC_ISA_USAGE = YES_ERROR;
				CLANG_WARN_DOCUMENTATION_COMMENTS = YES;
				CLANG_WARN_EMPTY_BODY = YES;
				CLANG_WARN_ENUM_CONVERSION = YES;
				CLANG_WARN_INFINITE_RECURSION = YES;
				CLANG_WARN_INT_CONVERSION = YES;
				CLANG_WARN_NON_LITERAL_NULL_CONVERSION = YES;
				CLANG_WARN_OBJC_IMPLICIT_RETAIN_SELF = YES;
				CLANG_WARN_OBJC_LITERAL_CONVERSION = YES;
				CLANG_WARN_OBJC_ROOT_CLASS = YES_ERROR;
				CLANG_WARN_RANGE_LOOP_ANALYSIS = YES;
				CLANG_WARN_STRICT_PROTOTYPES = YES;
				CLANG_WARN_SUSPICIOUS_MOVE = YES;
				CLANG_WARN_UNGUARDED_AVAILABILITY = YES_AGGRESSIVE;
				CLANG_WARN_UNREACHABLE_CODE = YES;
				CLANG_WARN__DUPLICATE_METHOD_MATCH = YES;
				CODE_SIGN_IDENTITY = "iPhone Developer";
				COPY_PHASE_STRIP = NO;
				DEBUG_INFORMATION_FORMAT = dwarf;
				ENABLE_STRICT_OBJC_MSGSEND = YES;
				ENABLE_TESTABILITY = YES;
				GCC_C_LANGUAGE_STANDARD = gnu11;
				GCC_DYNAMIC_NO_PIC = NO;
				GCC_NO_COMMON_BLOCKS = YES;
				GCC_OPTIMIZATION_LEVEL = 0;
				GCC_PREPROCESSOR_DEFINITIONS = (
					"DEBUG=1",
					"$(inherited)",
				);
				GCC_WARN_64_TO_32_BIT_CONVERSION = YES;
				GCC_WARN_ABOUT_RETURN_TYPE = YES_ERROR;
				GCC_WARN_UNDECLARED_SELECTOR = YES;
				GCC_WARN_UNINITIALIZED_AUTOS = YES_AGGRESSIVE;
				GCC_WARN_UNUSED_FUNCTION = YES;
				GCC_WARN_UNUSED_VARIABLE = YES;
				IPHONEOS_DEPLOYMENT_TARGET = 12.1;
				MTL_ENABLE_DEBUG_INFO = INCLUDE_SOURCE;
				MTL_FAST_MATH = YES;
				ONLY_ACTIVE_ARCH = YES;
				SDKROOT = iphoneos;
				SWIFT_ACTIVE_COMPILATION_CONDITIONS = DEBUG;
				SWIFT_OPTIMIZATION_LEVEL = "-Onone";
			};
			name = Debug;
		};
		2F0F527E21EA4DE50096FA3A /* Release */ = {
			isa = XCBuildConfiguration;
			buildSettings = {
				ALWAYS_SEARCH_USER_PATHS = NO;
				CLANG_ANALYZER_NONNULL = YES;
				CLANG_ANALYZER_NUMBER_OBJECT_CONVERSION = YES_AGGRESSIVE;
				CLANG_CXX_LANGUAGE_STANDARD = "gnu++14";
				CLANG_CXX_LIBRARY = "libc++";
				CLANG_ENABLE_MODULES = YES;
				CLANG_ENABLE_OBJC_ARC = YES;
				CLANG_ENABLE_OBJC_WEAK = YES;
				CLANG_WARN_BLOCK_CAPTURE_AUTORELEASING = YES;
				CLANG_WARN_BOOL_CONVERSION = YES;
				CLANG_WARN_COMMA = YES;
				CLANG_WARN_CONSTANT_CONVERSION = YES;
				CLANG_WARN_DEPRECATED_OBJC_IMPLEMENTATIONS = YES;
				CLANG_WARN_DIRECT_OBJC_ISA_USAGE = YES_ERROR;
				CLANG_WARN_DOCUMENTATION_COMMENTS = YES;
				CLANG_WARN_EMPTY_BODY = YES;
				CLANG_WARN_ENUM_CONVERSION = YES;
				CLANG_WARN_INFINITE_RECURSION = YES;
				CLANG_WARN_INT_CONVERSION = YES;
				CLANG_WARN_NON_LITERAL_NULL_CONVERSION = YES;
				CLANG_WARN_OBJC_IMPLICIT_RETAIN_SELF = YES;
				CLANG_WARN_OBJC_LITERAL_CONVERSION = YES;
				CLANG_WARN_OBJC_ROOT_CLASS = YES_ERROR;
				CLANG_WARN_RANGE_LOOP_ANALYSIS = YES;
				CLANG_WARN_STRICT_PROTOTYPES = YES;
				CLANG_WARN_SUSPICIOUS_MOVE = YES;
				CLANG_WARN_UNGUARDED_AVAILABILITY = YES_AGGRESSIVE;
				CLANG_WARN_UNREACHABLE_CODE = YES;
				CLANG_WARN__DUPLICATE_METHOD_MATCH = YES;
				CODE_SIGN_IDENTITY = "iPhone Developer";
				COPY_PHASE_STRIP = NO;
				DEBUG_INFORMATION_FORMAT = "dwarf-with-dsym";
				ENABLE_NS_ASSERTIONS = NO;
				ENABLE_STRICT_OBJC_MSGSEND = YES;
				GCC_C_LANGUAGE_STANDARD = gnu11;
				GCC_NO_COMMON_BLOCKS = YES;
				GCC_WARN_64_TO_32_BIT_CONVERSION = YES;
				GCC_WARN_ABOUT_RETURN_TYPE = YES_ERROR;
				GCC_WARN_UNDECLARED_SELECTOR = YES;
				GCC_WARN_UNINITIALIZED_AUTOS = YES_AGGRESSIVE;
				GCC_WARN_UNUSED_FUNCTION = YES;
				GCC_WARN_UNUSED_VARIABLE = YES;
				IPHONEOS_DEPLOYMENT_TARGET = 12.1;
				MTL_ENABLE_DEBUG_INFO = NO;
				MTL_FAST_MATH = YES;
				SDKROOT = iphoneos;
				SWIFT_COMPILATION_MODE = wholemodule;
				SWIFT_OPTIMIZATION_LEVEL = "-O";
				VALIDATE_PRODUCT = YES;
			};
			name = Release;
		};
		2F0F528021EA4DE50096FA3A /* Debug */ = {
			isa = XCBuildConfiguration;
			buildSettings = {
				ASSETCATALOG_COMPILER_APPICON_NAME = AppIcon;
				CODE_SIGN_STYLE = Automatic;
				DEVELOPMENT_TEAM = JX556H8Q63;
				INFOPLIST_FILE = Set/Info.plist;
				LD_RUNPATH_SEARCH_PATHS = (
					"$(inherited)",
					"@executable_path/Frameworks",
				);
				PRODUCT_BUNDLE_IDENTIFIER = com.whatever.Set;
				PRODUCT_NAME = "$(TARGET_NAME)";
				SWIFT_VERSION = 4.2;
				TARGETED_DEVICE_FAMILY = "1,2";
			};
			name = Debug;
		};
		2F0F528121EA4DE50096FA3A /* Release */ = {
			isa = XCBuildConfiguration;
			buildSettings = {
				ASSETCATALOG_COMPILER_APPICON_NAME = AppIcon;
				CODE_SIGN_STYLE = Automatic;
				DEVELOPMENT_TEAM = JX556H8Q63;
				INFOPLIST_FILE = Set/Info.plist;
				LD_RUNPATH_SEARCH_PATHS = (
					"$(inherited)",
					"@executable_path/Frameworks",
				);
				PRODUCT_BUNDLE_IDENTIFIER = com.whatever.Set;
				PRODUCT_NAME = "$(TARGET_NAME)";
				SWIFT_VERSION = 4.2;
				TARGETED_DEVICE_FAMILY = "1,2";
			};
			name = Release;
		};
/* End XCBuildConfiguration section */

/* Begin XCConfigurationList section */
		2F0F526821EA4DE20096FA3A /* Build configuration list for PBXProject "Set" */ = {
			isa = XCConfigurationList;
			buildConfigurations = (
				2F0F527D21EA4DE50096FA3A /* Debug */,
				2F0F527E21EA4DE50096FA3A /* Release */,
			);
			defaultConfigurationIsVisible = 0;
			defaultConfigurationName = Release;
		};
		2F0F527F21EA4DE50096FA3A /* Build configuration list for PBXNativeTarget "Set" */ = {
			isa = XCConfigurationList;
			buildConfigurations = (
				2F0F528021EA4DE50096FA3A /* Debug */,
				2F0F528121EA4DE50096FA3A /* Release */,
			);
			defaultConfigurationIsVisible = 0;
			defaultConfigurationName = Release;
		};
/* End XCConfigurationList section */
	};
	rootObject = 2F0F526521EA4DE20096FA3A /* Project object */;
}
